<?xml version="1.0" encoding="utf-8"?>
<Project ToolsVersion="4.0" xmlns="http://schemas.microsoft.com/developer/msbuild/2003">
  <ItemGroup>
    <ClCompile Include="src\Main.cpp" />
    <ClCompile Include="src\Engine\Platforms\Window\WindowsWindow.cpp" />
    <ClCompile Include="src\Engine\Core\Window.cpp" />
    <ClCompile Include="src\Engine\Core\Aplication.cpp" />
    <ClCompile Include="src\Engine\Platforms\Window\WindowsInput.cpp" />
    <ClCompile Include="src\Engine\Core\Layers\Layer.cpp" />
    <ClCompile Include="src\Engine\Core\Layers\LayerStack.cpp" />
    <ClCompile Include="src\Engine\Core\Temporary\Logger.cpp" />
    <ClCompile Include="src\Engine\Core\Input\Events\Events.h" />
    <ClCompile Include="src\Engine\Core\GLAD\glad.c" />
    <ClCompile Include="src\Engine\Core\GUI\imgui_impl_glfw.cpp" />
    <ClCompile Include="src\Engine\Core\GUI\imgui_impl_opengl3.cpp" />
    <ClCompile Include="src\Engine\Core\GUI\imgui.cpp" />
    <ClCompile Include="src\Engine\Core\GUI\imgui_demo.cpp" />
    <ClCompile Include="src\Engine\Core\GUI\imgui_draw.cpp" />
    <ClCompile Include="src\Engine\Core\GUI\imgui_widgets.cpp" />
    <ClCompile Include="src\Engine\Core\Render\Shader.cpp" />
    <ClCompile Include="src\Engine\Core\Render\Render2D.cpp" />
    <ClCompile Include="src\Engine\Core\FileReader.cpp" />
    <ClCompile Include="src\Engine\Core\Render\RenderData\Texture.cpp" />
    <ClCompile Include="src\Engine\Core\Render\RenderData\Material.cpp" />
    <ClCompile Include="src\Engine\Core\Render\RenderData\VAO.cpp" />
    <ClCompile Include="src\Engine\Core\Render\RenderData\VBO.cpp" />
    <ClCompile Include="src\Utils\stb_image.c" />
    <ClCompile Include="src\Engine\Core\Render\RenderData\GraphicObject.cpp" />
  </ItemGroup>
  <ItemGroup>
    <ClInclude Include="src\Engine\Platforms\Window\WindowsWindow.h" />
    <ClInclude Include="src\Engine\Core\Window.h" />
    <ClInclude Include="src\Engine\Core\Aplication.h" />
    <ClInclude Include="src\Engine\Core\Layers\Layer.h" />
    <ClInclude Include="src\Engine\Core\Layers\LayerStack.h" />
    <ClInclude Include="src\Engine\Core\Temporary\Logger.h" />
    <ClInclude Include="src\Engine\Core\Input\Input.h" />
    <ClInclude Include="src\Engine\Core\Input\Events\AplicationEvent.h" />
    <ClInclude Include="src\Engine\Core\Input\Events\Event.h" />
    <ClInclude Include="src\Engine\Core\Input\Events\KeyEvent.h" />
    <ClInclude Include="src\Engine\Core\Input\Events\MouseEvent.h" />
    <ClInclude Include="src\Engine\Core\GUI\imgui_impl_glfw.h" />
    <ClInclude Include="src\Engine\Core\GUI\imgui_impl_opengl3.h" />
    <ClInclude Include="src\Engine\Core\Input\Events\Error.h" />
    <ClInclude Include="src\Engine\Core\Render\Shader.h" />
    <ClInclude Include="src\Engine\Core\Render\Render2D.h" />
    <ClInclude Include="src\Engine\Core\FileReader.h" />
    <ClInclude Include="src\Engine\Core\Render\RenderData\Material.h" />
    <ClInclude Include="src\Engine\Core\Render\RenderData\Texture.h" />
    <ClInclude Include="src\Engine\Core\Render\RenderData\VAO.h" />
    <ClInclude Include="src\Engine\Core\Render\RenderData\VBO.h" />
    <ClInclude Include="src\Utils\stb_image.h" />
    <ClInclude Include="src\Engine\Core\Render\RenderData\GraphicObject.h" />
    <ClInclude Include="src\Engine\Core\Render\RenderData\Batch.h" />
  </ItemGroup>
</Project>